// !$*UTF8*$!
{
	archiveVersion = 1;
	classes = {
	};
	objectVersion = 56;
	objects = {

/* Begin PBXBuildFile section */
		272F0ABF29010239004A933E /* AppDelegate.swift in Sources */ = {isa = PBXBuildFile; fileRef = 272F0ABE29010239004A933E /* AppDelegate.swift */; };
		272F0AC129010239004A933E /* SceneDelegate.swift in Sources */ = {isa = PBXBuildFile; fileRef = 272F0AC029010239004A933E /* SceneDelegate.swift */; };
		272F0AC629010239004A933E /* Main.storyboard in Resources */ = {isa = PBXBuildFile; fileRef = 272F0AC429010239004A933E /* Main.storyboard */; };
		272F0AC829010239004A933E /* Assets.xcassets in Resources */ = {isa = PBXBuildFile; fileRef = 272F0AC729010239004A933E /* Assets.xcassets */; };
		272F0ACB29010239004A933E /* LaunchScreen.storyboard in Resources */ = {isa = PBXBuildFile; fileRef = 272F0AC929010239004A933E /* LaunchScreen.storyboard */; };
		272F0AD3290103F0004A933E /* FlickrAPI.swift in Sources */ = {isa = PBXBuildFile; fileRef = 272F0AD2290103F0004A933E /* FlickrAPI.swift */; };
		272F0AD629010F03004A933E /* SearchResponse.swift in Sources */ = {isa = PBXBuildFile; fileRef = 272F0AD529010F03004A933E /* SearchResponse.swift */; };
		272F0AD82902AF9E004A933E /* MapViewController.swift in Sources */ = {isa = PBXBuildFile; fileRef = 272F0AD72902AF9E004A933E /* MapViewController.swift */; };
		27A995AB2903F256003F7A09 /* PinViewController.swift in Sources */ = {isa = PBXBuildFile; fileRef = 27A995AA2903F256003F7A09 /* PinViewController.swift */; };
		27A995AD2903F70E003F7A09 /* PhotoDetailViewController.swift in Sources */ = {isa = PBXBuildFile; fileRef = 27A995AC2903F70E003F7A09 /* PhotoDetailViewController.swift */; };
		27A995B12903F75C003F7A09 /* AppInfoViewController.swift in Sources */ = {isa = PBXBuildFile; fileRef = 27A995B02903F75B003F7A09 /* AppInfoViewController.swift */; };
		27A995B42903F793003F7A09 /* PhotoCollectionViewCell.swift in Sources */ = {isa = PBXBuildFile; fileRef = 27A995B32903F793003F7A09 /* PhotoCollectionViewCell.swift */; };
		27A995B62903F7BD003F7A09 /* Pin+Ext.swift in Sources */ = {isa = PBXBuildFile; fileRef = 27A995B52903F7BD003F7A09 /* Pin+Ext.swift */; };
		27A995B92903F809003F7A09 /* FlickerDataModel.xcdatamodeld in Sources */ = {isa = PBXBuildFile; fileRef = 27A995B72903F809003F7A09 /* FlickerDataModel.xcdatamodeld */; };
		27A995BB29040EBC003F7A09 /* UIViewController+Ext.swift in Sources */ = {isa = PBXBuildFile; fileRef = 27A995BA29040EBC003F7A09 /* UIViewController+Ext.swift */; };
		27C7F89C29030C6B006FEC7E /* CoreDataController.swift in Sources */ = {isa = PBXBuildFile; fileRef = 27C7F89B29030C6B006FEC7E /* CoreDataController.swift */; };
		27C7F89E29030D05006FEC7E /* PinAnnotation.swift in Sources */ = {isa = PBXBuildFile; fileRef = 27C7F89D29030D05006FEC7E /* PinAnnotation.swift */; };
/* End PBXBuildFile section */

/* Begin PBXFileReference section */
		272F0ABB29010239004A933E /* Virtual Tourist.app */ = {isa = PBXFileReference; explicitFileType = wrapper.application; includeInIndex = 0; path = "Virtual Tourist.app"; sourceTree = BUILT_PRODUCTS_DIR; };
		272F0ABE29010239004A933E /* AppDelegate.swift */ = {isa = PBXFileReference; lastKnownFileType = sourcecode.swift; path = AppDelegate.swift; sourceTree = "<group>"; };
		272F0AC029010239004A933E /* SceneDelegate.swift */ = {isa = PBXFileReference; lastKnownFileType = sourcecode.swift; path = SceneDelegate.swift; sourceTree = "<group>"; };
		272F0AC529010239004A933E /* Base */ = {isa = PBXFileReference; lastKnownFileType = file.storyboard; name = Base; path = Base.lproj/Main.storyboard; sourceTree = "<group>"; };
		272F0AC729010239004A933E /* Assets.xcassets */ = {isa = PBXFileReference; lastKnownFileType = folder.assetcatalog; path = Assets.xcassets; sourceTree = "<group>"; };
		272F0ACA29010239004A933E /* Base */ = {isa = PBXFileReference; lastKnownFileType = file.storyboard; name = Base; path = Base.lproj/LaunchScreen.storyboard; sourceTree = "<group>"; };
		272F0ACC29010239004A933E /* Info.plist */ = {isa = PBXFileReference; lastKnownFileType = text.plist.xml; path = Info.plist; sourceTree = "<group>"; };
		272F0AD2290103F0004A933E /* FlickrAPI.swift */ = {isa = PBXFileReference; lastKnownFileType = sourcecode.swift; path = FlickrAPI.swift; sourceTree = "<group>"; };
		272F0AD529010F03004A933E /* SearchResponse.swift */ = {isa = PBXFileReference; lastKnownFileType = sourcecode.swift; path = SearchResponse.swift; sourceTree = "<group>"; };
		272F0AD72902AF9E004A933E /* MapViewController.swift */ = {isa = PBXFileReference; lastKnownFileType = sourcecode.swift; path = MapViewController.swift; sourceTree = "<group>"; };
		27A995AA2903F256003F7A09 /* PinViewController.swift */ = {isa = PBXFileReference; lastKnownFileType = sourcecode.swift; path = PinViewController.swift; sourceTree = "<group>"; };
		27A995AC2903F70E003F7A09 /* PhotoDetailViewController.swift */ = {isa = PBXFileReference; lastKnownFileType = sourcecode.swift; path = PhotoDetailViewController.swift; sourceTree = "<group>"; };
		27A995B02903F75B003F7A09 /* AppInfoViewController.swift */ = {isa = PBXFileReference; lastKnownFileType = sourcecode.swift; path = AppInfoViewController.swift; sourceTree = "<group>"; };
		27A995B32903F793003F7A09 /* PhotoCollectionViewCell.swift */ = {isa = PBXFileReference; lastKnownFileType = sourcecode.swift; path = PhotoCollectionViewCell.swift; sourceTree = "<group>"; };
		27A995B52903F7BD003F7A09 /* Pin+Ext.swift */ = {isa = PBXFileReference; lastKnownFileType = sourcecode.swift; path = "Pin+Ext.swift"; sourceTree = "<group>"; };
		27A995B82903F809003F7A09 /* FlickerDataModel.xcdatamodel */ = {isa = PBXFileReference; lastKnownFileType = wrapper.xcdatamodel; path = FlickerDataModel.xcdatamodel; sourceTree = "<group>"; };
		27A995BA29040EBC003F7A09 /* UIViewController+Ext.swift */ = {isa = PBXFileReference; lastKnownFileType = sourcecode.swift; path = "UIViewController+Ext.swift"; sourceTree = "<group>"; };
		27C7F89B29030C6B006FEC7E /* CoreDataController.swift */ = {isa = PBXFileReference; lastKnownFileType = sourcecode.swift; path = CoreDataController.swift; sourceTree = "<group>"; };
		27C7F89D29030D05006FEC7E /* PinAnnotation.swift */ = {isa = PBXFileReference; lastKnownFileType = sourcecode.swift; path = PinAnnotation.swift; sourceTree = "<group>"; };
/* End PBXFileReference section */

/* Begin PBXFrameworksBuildPhase section */
		272F0AB829010239004A933E /* Frameworks */ = {
			isa = PBXFrameworksBuildPhase;
			buildActionMask = 2147483647;
			files = (
			);
			runOnlyForDeploymentPostprocessing = 0;
		};
/* End PBXFrameworksBuildPhase section */

/* Begin PBXGroup section */
		272F0AB229010238004A933E = {
			isa = PBXGroup;
			children = (
				272F0ABD29010239004A933E /* Virtual Tourist */,
				272F0ABC29010239004A933E /* Products */,
			);
			sourceTree = "<group>";
		};
		272F0ABC29010239004A933E /* Products */ = {
			isa = PBXGroup;
			children = (
				272F0ABB29010239004A933E /* Virtual Tourist.app */,
			);
			name = Products;
			sourceTree = "<group>";
		};
		272F0ABD29010239004A933E /* Virtual Tourist */ = {
			isa = PBXGroup;
			children = (
				27A995B22903F77D003F7A09 /* Items */,
				27C7F89929030C3F006FEC7E /* Model */,
				272F0AD4290103F5004A933E /* Network */,
				272F0AD92902AFA4004A933E /* Controller */,
				272F0ABE29010239004A933E /* AppDelegate.swift */,
				272F0AC029010239004A933E /* SceneDelegate.swift */,
				272F0AC429010239004A933E /* Main.storyboard */,
				272F0AC729010239004A933E /* Assets.xcassets */,
				272F0AC929010239004A933E /* LaunchScreen.storyboard */,
				272F0ACC29010239004A933E /* Info.plist */,
			);
			path = "Virtual Tourist";
			sourceTree = "<group>";
		};
		272F0AD4290103F5004A933E /* Network */ = {
			isa = PBXGroup;
			children = (
				272F0AD2290103F0004A933E /* FlickrAPI.swift */,
				272F0AD529010F03004A933E /* SearchResponse.swift */,
			);
			path = Network;
			sourceTree = "<group>";
		};
		272F0AD92902AFA4004A933E /* Controller */ = {
			isa = PBXGroup;
			children = (
				272F0AD72902AF9E004A933E /* MapViewController.swift */,
				27A995AA2903F256003F7A09 /* PinViewController.swift */,
				27A995AC2903F70E003F7A09 /* PhotoDetailViewController.swift */,
				27A995B02903F75B003F7A09 /* AppInfoViewController.swift */,
				27A995BA29040EBC003F7A09 /* UIViewController+Ext.swift */,
			);
			path = Controller;
			sourceTree = "<group>";
		};
		27A995B22903F77D003F7A09 /* Items */ = {
			isa = PBXGroup;
			children = (
				27A995B32903F793003F7A09 /* PhotoCollectionViewCell.swift */,
			);
			path = Items;
			sourceTree = "<group>";
		};
		27C7F89929030C3F006FEC7E /* Model */ = {
			isa = PBXGroup;
			children = (
				27C7F89A29030C4D006FEC7E /* CoreData */,
				27C7F89D29030D05006FEC7E /* PinAnnotation.swift */,
			);
			path = Model;
			sourceTree = "<group>";
		};
		27C7F89A29030C4D006FEC7E /* CoreData */ = {
			isa = PBXGroup;
			children = (
				27C7F89B29030C6B006FEC7E /* CoreDataController.swift */,
				27A995B52903F7BD003F7A09 /* Pin+Ext.swift */,
				27A995B72903F809003F7A09 /* FlickerDataModel.xcdatamodeld */,
			);
			path = CoreData;
			sourceTree = "<group>";
		};
/* End PBXGroup section */

/* Begin PBXNativeTarget section */
		272F0ABA29010239004A933E /* Virtual Tourist */ = {
			isa = PBXNativeTarget;
			buildConfigurationList = 272F0ACF29010239004A933E /* Build configuration list for PBXNativeTarget "Virtual Tourist" */;
			buildPhases = (
				272F0AB729010239004A933E /* Sources */,
				272F0AB829010239004A933E /* Frameworks */,
				272F0AB929010239004A933E /* Resources */,
			);
			buildRules = (
			);
			dependencies = (
			);
			name = "Virtual Tourist";
			productName = "Virtual Tourist";
			productReference = 272F0ABB29010239004A933E /* Virtual Tourist.app */;
			productType = "com.apple.product-type.application";
		};
/* End PBXNativeTarget section */

/* Begin PBXProject section */
		272F0AB329010238004A933E /* Project object */ = {
			isa = PBXProject;
			attributes = {
				BuildIndependentTargetsInParallel = 1;
				LastSwiftUpdateCheck = 1400;
				LastUpgradeCheck = 1400;
				TargetAttributes = {
					272F0ABA29010239004A933E = {
						CreatedOnToolsVersion = 14.0.1;
					};
				};
			};
			buildConfigurationList = 272F0AB629010238004A933E /* Build configuration list for PBXProject "Virtual Tourist" */;
			compatibilityVersion = "Xcode 14.0";
			developmentRegion = en;
			hasScannedForEncodings = 0;
			knownRegions = (
				en,
				Base,
			);
			mainGroup = 272F0AB229010238004A933E;
			productRefGroup = 272F0ABC29010239004A933E /* Products */;
			projectDirPath = "";
			projectRoot = "";
			targets = (
				272F0ABA29010239004A933E /* Virtual Tourist */,
			);
		};
/* End PBXProject section */

/* Begin PBXResourcesBuildPhase section */
		272F0AB929010239004A933E /* Resources */ = {
			isa = PBXResourcesBuildPhase;
			buildActionMask = 2147483647;
			files = (
				272F0ACB29010239004A933E /* LaunchScreen.storyboard in Resources */,
				272F0AC829010239004A933E /* Assets.xcassets in Resources */,
				272F0AC629010239004A933E /* Main.storyboard in Resources */,
			);
			runOnlyForDeploymentPostprocessing = 0;
		};
/* End PBXResourcesBuildPhase section */

/* Begin PBXSourcesBuildPhase section */
		272F0AB729010239004A933E /* Sources */ = {
			isa = PBXSourcesBuildPhase;
			buildActionMask = 2147483647;
			files = (
				27C7F89E29030D05006FEC7E /* PinAnnotation.swift in Sources */,
				27A995B42903F793003F7A09 /* PhotoCollectionViewCell.swift in Sources */,
				27A995AB2903F256003F7A09 /* PinViewController.swift in Sources */,
				27A995B92903F809003F7A09 /* FlickerDataModel.xcdatamodeld in Sources */,
				272F0AD82902AF9E004A933E /* MapViewController.swift in Sources */,
				272F0AD629010F03004A933E /* SearchResponse.swift in Sources */,
				27C7F89C29030C6B006FEC7E /* CoreDataController.swift in Sources */,
				272F0ABF29010239004A933E /* AppDelegate.swift in Sources */,
				272F0AC129010239004A933E /* SceneDelegate.swift in Sources */,
				27A995AD2903F70E003F7A09 /* PhotoDetailViewController.swift in Sources */,
				27A995B62903F7BD003F7A09 /* Pin+Ext.swift in Sources */,
				27A995B12903F75C003F7A09 /* AppInfoViewController.swift in Sources */,
				27A995BB29040EBC003F7A09 /* UIViewController+Ext.swift in Sources */,
				272F0AD3290103F0004A933E /* FlickrAPI.swift in Sources */,
			);
			runOnlyForDeploymentPostprocessing = 0;
		};
/* End PBXSourcesBuildPhase section */

/* Begin PBXVariantGroup section */
		272F0AC429010239004A933E /* Main.storyboard */ = {
			isa = PBXVariantGroup;
			children = (
				272F0AC529010239004A933E /* Base */,
			);
			name = Main.storyboard;
			sourceTree = "<group>";
		};
		272F0AC929010239004A933E /* LaunchScreen.storyboard */ = {
			isa = PBXVariantGroup;
			children = (
				272F0ACA29010239004A933E /* Base */,
			);
			name = LaunchScreen.storyboard;
			sourceTree = "<group>";
		};
/* End PBXVariantGroup section */

/* Begin XCBuildConfiguration section */
		272F0ACD29010239004A933E /* Debug */ = {
			isa = XCBuildConfiguration;
			buildSettings = {
				ALWAYS_SEARCH_USER_PATHS = NO;
				CLANG_ANALYZER_NONNULL = YES;
				CLANG_ANALYZER_NUMBER_OBJECT_CONVERSION = YES_AGGRESSIVE;
				CLANG_CXX_LANGUAGE_STANDARD = "gnu++20";
				CLANG_ENABLE_MODULES = YES;
				CLANG_ENABLE_OBJC_ARC = YES;
				CLANG_ENABLE_OBJC_WEAK = YES;
				CLANG_WARN_BLOCK_CAPTURE_AUTORELEASING = YES;
				CLANG_WARN_BOOL_CONVERSION = YES;
				CLANG_WARN_COMMA = YES;
				CLANG_WARN_CONSTANT_CONVERSION = YES;
				CLANG_WARN_DEPRECATED_OBJC_IMPLEMENTATIONS = YES;
				CLANG_WARN_DIRECT_OBJC_ISA_USAGE = YES_ERROR;
				CLANG_WARN_DOCUMENTATION_COMMENTS = YES;
				CLANG_WARN_EMPTY_BODY = YES;
				CLANG_WARN_ENUM_CONVERSION = YES;
				CLANG_WARN_INFINITE_RECURSION = YES;
				CLANG_WARN_INT_CONVERSION = YES;
				CLANG_WARN_NON_LITERAL_NULL_CONVERSION = YES;
				CLANG_WARN_OBJC_IMPLICIT_RETAIN_SELF = YES;
				CLANG_WARN_OBJC_LITERAL_CONVERSION = YES;
				CLANG_WARN_OBJC_ROOT_CLASS = YES_ERROR;
				CLANG_WARN_QUOTED_INCLUDE_IN_FRAMEWORK_HEADER = YES;
				CLANG_WARN_RANGE_LOOP_ANALYSIS = YES;
				CLANG_WARN_STRICT_PROTOTYPES = YES;
				CLANG_WARN_SUSPICIOUS_MOVE = YES;
				CLANG_WARN_UNGUARDED_AVAILABILITY = YES_AGGRESSIVE;
				CLANG_WARN_UNREACHABLE_CODE = YES;
				CLANG_WARN__DUPLICATE_METHOD_MATCH = YES;
				COPY_PHASE_STRIP = NO;
				DEBUG_INFORMATION_FORMAT = dwarf;
				ENABLE_STRICT_OBJC_MSGSEND = YES;
				ENABLE_TESTABILITY = YES;
				GCC_C_LANGUAGE_STANDARD = gnu11;
				GCC_DYNAMIC_NO_PIC = NO;
				GCC_NO_COMMON_BLOCKS = YES;
				GCC_OPTIMIZATION_LEVEL = 0;
				GCC_PREPROCESSOR_DEFINITIONS = (
					"DEBUG=1",
					"$(inherited)",
				);
				GCC_WARN_64_TO_32_BIT_CONVERSION = YES;
				GCC_WARN_ABOUT_RETURN_TYPE = YES_ERROR;
				GCC_WARN_UNDECLARED_SELECTOR = YES;
				GCC_WARN_UNINITIALIZED_AUTOS = YES_AGGRESSIVE;
				GCC_WARN_UNUSED_FUNCTION = YES;
				GCC_WARN_UNUSED_VARIABLE = YES;
				IPHONEOS_DEPLOYMENT_TARGET = 16.0;
				MTL_ENABLE_DEBUG_INFO = INCLUDE_SOURCE;
				MTL_FAST_MATH = YES;
				ONLY_ACTIVE_ARCH = YES;
				SDKROOT = iphoneos;
				SWIFT_ACTIVE_COMPILATION_CONDITIONS = DEBUG;
				SWIFT_OPTIMIZATION_LEVEL = "-Onone";
			};
			name = Debug;
		};
		272F0ACE29010239004A933E /* Release */ = {
			isa = XCBuildConfiguration;
			buildSettings = {
				ALWAYS_SEARCH_USER_PATHS = NO;
				CLANG_ANALYZER_NONNULL = YES;
				CLANG_ANALYZER_NUMBER_OBJECT_CONVERSION = YES_AGGRESSIVE;
				CLANG_CXX_LANGUAGE_STANDARD = "gnu++20";
				CLANG_ENABLE_MODULES = YES;
				CLANG_ENABLE_OBJC_ARC = YES;
				CLANG_ENABLE_OBJC_WEAK = YES;
				CLANG_WARN_BLOCK_CAPTURE_AUTORELEASING = YES;
				CLANG_WARN_BOOL_CONVERSION = YES;
				CLANG_WARN_COMMA = YES;
				CLANG_WARN_CONSTANT_CONVERSION = YES;
				CLANG_WARN_DEPRECATED_OBJC_IMPLEMENTATIONS = YES;
				CLANG_WARN_DIRECT_OBJC_ISA_USAGE = YES_ERROR;
				CLANG_WARN_DOCUMENTATION_COMMENTS = YES;
				CLANG_WARN_EMPTY_BODY = YES;
				CLANG_WARN_ENUM_CONVERSION = YES;
				CLANG_WARN_INFINITE_RECURSION = YES;
				CLANG_WARN_INT_CONVERSION = YES;
				CLANG_WARN_NON_LITERAL_NULL_CONVERSION = YES;
				CLANG_WARN_OBJC_IMPLICIT_RETAIN_SELF = YES;
				CLANG_WARN_OBJC_LITERAL_CONVERSION = YES;
				CLANG_WARN_OBJC_ROOT_CLASS = YES_ERROR;
				CLANG_WARN_QUOTED_INCLUDE_IN_FRAMEWORK_HEADER = YES;
				CLANG_WARN_RANGE_LOOP_ANALYSIS = YES;
				CLANG_WARN_STRICT_PROTOTYPES = YES;
				CLANG_WARN_SUSPICIOUS_MOVE = YES;
				CLANG_WARN_UNGUARDED_AVAILABILITY = YES_AGGRESSIVE;
				CLANG_WARN_UNREACHABLE_CODE = YES;
				CLANG_WARN__DUPLICATE_METHOD_MATCH = YES;
				COPY_PHASE_STRIP = NO;
				DEBUG_INFORMATION_FORMAT = "dwarf-with-dsym";
				ENABLE_NS_ASSERTIONS = NO;
				ENABLE_STRICT_OBJC_MSGSEND = YES;
				GCC_C_LANGUAGE_STANDARD = gnu11;
				GCC_NO_COMMON_BLOCKS = YES;
				GCC_WARN_64_TO_32_BIT_CONVERSION = YES;
				GCC_WARN_ABOUT_RETURN_TYPE = YES_ERROR;
				GCC_WARN_UNDECLARED_SELECTOR = YES;
				GCC_WARN_UNINITIALIZED_AUTOS = YES_AGGRESSIVE;
				GCC_WARN_UNUSED_FUNCTION = YES;
				GCC_WARN_UNUSED_VARIABLE = YES;
				IPHONEOS_DEPLOYMENT_TARGET = 16.0;
				MTL_ENABLE_DEBUG_INFO = NO;
				MTL_FAST_MATH = YES;
				SDKROOT = iphoneos;
				SWIFT_COMPILATION_MODE = wholemodule;
				SWIFT_OPTIMIZATION_LEVEL = "-O";
				VALIDATE_PRODUCT = YES;
			};
			name = Release;
		};
		272F0AD029010239004A933E /* Debug */ = {
			isa = XCBuildConfiguration;
			buildSettings = {
				ASSETCATALOG_COMPILER_APPICON_NAME = AppIcon;
				ASSETCATALOG_COMPILER_GLOBAL_ACCENT_COLOR_NAME = AccentColor;
				CODE_SIGN_STYLE = Automatic;
				CURRENT_PROJECT_VERSION = 1;
				GENERATE_INFOPLIST_FILE = YES;
				INFOPLIST_FILE = "Virtual Tourist/Info.plist";
				INFOPLIST_KEY_UIApplicationSupportsIndirectInputEvents = YES;
				INFOPLIST_KEY_UILaunchStoryboardName = LaunchScreen.storyboard;
				INFOPLIST_KEY_UIMainStoryboardFile = Main;
				INFOPLIST_KEY_UISupportedInterfaceOrientations_iPad = "UIInterfaceOrientationPortrait UIInterfaceOrientationPortraitUpsideDown UIInterfaceOrientationLandscapeLeft UIInterfaceOrientationLandscapeRight";
				INFOPLIST_KEY_UISupportedInterfaceOrientations_iPhone = "UIInterfaceOrientationPortrait UIInterfaceOrientationLandscapeLeft UIInterfaceOrientationLandscapeRight";
				LD_RUNPATH_SEARCH_PATHS = (
					"$(inherited)",
					"@executable_path/Frameworks",
				);
				MARKETING_VERSION = 1.0;
				PRODUCT_BUNDLE_IDENTIFIER = "dev.vishnuv.Virtual-Tourist";
				PRODUCT_NAME = "$(TARGET_NAME)";
				SWIFT_EMIT_LOC_STRINGS = YES;
				SWIFT_VERSION = 5.0;
				TARGETED_DEVICE_FAMILY = "1,2";
			};
			name = Debug;
		};
		272F0AD129010239004A933E /* Release */ = {
			isa = XCBuildConfiguration;
			buildSettings = {
				ASSETCATALOG_COMPILER_APPICON_NAME = AppIcon;
				ASSETCATALOG_COMPILER_GLOBAL_ACCENT_COLOR_NAME = AccentColor;
				CODE_SIGN_STYLE = Automatic;
				CURRENT_PROJECT_VERSION = 1;
				GENERATE_INFOPLIST_FILE = YES;
				INFOPLIST_FILE = "Virtual Tourist/Info.plist";
				INFOPLIST_KEY_UIApplicationSupportsIndirectInputEvents = YES;
				INFOPLIST_KEY_UILaunchStoryboardName = LaunchScreen.storyboard;
				INFOPLIST_KEY_UIMainStoryboardFile = Main;
				INFOPLIST_KEY_UISupportedInterfaceOrientations_iPad = "UIInterfaceOrientationPortrait UIInterfaceOrientationPortraitUpsideDown UIInterfaceOrientationLandscapeLeft UIInterfaceOrientationLandscapeRight";
				INFOPLIST_KEY_UISupportedInterfaceOrientations_iPhone = "UIInterfaceOrientationPortrait UIInterfaceOrientationLandscapeLeft UIInterfaceOrientationLandscapeRight";
				LD_RUNPATH_SEARCH_PATHS = (
					"$(inherited)",
					"@executable_path/Frameworks",
				);
				MARKETING_VERSION = 1.0;
				PRODUCT_BUNDLE_IDENTIFIER = "dev.vishnuv.Virtual-Tourist";
				PRODUCT_NAME = "$(TARGET_NAME)";
				SWIFT_EMIT_LOC_STRINGS = YES;
				SWIFT_VERSION = 5.0;
				TARGETED_DEVICE_FAMILY = "1,2";
			};
			name = Release;
		};
/* End XCBuildConfiguration section */

/* Begin XCConfigurationList section */
		272F0AB629010238004A933E /* Build configuration list for PBXProject "Virtual Tourist" */ = {
			isa = XCConfigurationList;
			buildConfigurations = (
				272F0ACD29010239004A933E /* Debug */,
				272F0ACE29010239004A933E /* Release */,
			);
			defaultConfigurationIsVisible = 0;
			defaultConfigurationName = Release;
		};
		272F0ACF29010239004A933E /* Build configuration list for PBXNativeTarget "Virtual Tourist" */ = {
			isa = XCConfigurationList;
			buildConfigurations = (
				272F0AD029010239004A933E /* Debug */,
				272F0AD129010239004A933E /* Release */,
			);
			defaultConfigurationIsVisible = 0;
			defaultConfigurationName = Release;
		};
/* End XCConfigurationList section */

/* Begin XCVersionGroup section */
		27A995B72903F809003F7A09 /* FlickerDataModel.xcdatamodeld */ = {
			isa = XCVersionGroup;
			children = (
				27A995B82903F809003F7A09 /* FlickerDataModel.xcdatamodel */,
			);
			currentVersion = 27A995B82903F809003F7A09 /* FlickerDataModel.xcdatamodel */;
			path = FlickerDataModel.xcdatamodeld;
			sourceTree = "<group>";
			versionGroupType = wrapper.xcdatamodel;
		};
/* End XCVersionGroup section */
	};
	rootObject = 272F0AB329010238004A933E /* Project object */;
}
